version = 1
revision = 5
requires-python = ">=3.11"

[[package]]
name = "anyio"
version = "4.15.1"
source = { registry = "https://pypi.org/simple" }
dependencies = [
    { name = "idna" },
    { name = "typing-extensions", marker = "python_full_version < '3.15'" },
]
sdist = { url = "https://files.pythonhosted.org/packages/a9/d2/f4d173e22df740bc37b1db102b386ba719b66e95b0f0d751f556b387e6d2/anyio-4.15.1.tar.gz", hash = "sha256:9f28306018cbd6d329e64a36d58256edff76dd996fe423bc957326e578b82a94", size = 276966, upload-time = "2026-09-05T10:42:39.44Z" }
wheels = [
    { url = "https://files.pythonhosted.org/packages/12/b8/4bd346e22b28902df4d651910f5242c28d84e4a5c2435ca5c3f797ed7e2e/anyio-4.15.1-py3-none-any.whl", hash = "sha256:6152fdbbf9a77fdec97731721bebf7c4c44f7c29b424b0065826173efc7ed101", size = 132079, upload-time = "2026-09-05T10:42:37.923Z" },
]

[[package]]
name = "aoi"
version = "0.1.0"
source = { virtual = "." }
dependencies = [
    { name = "httpx" },
    { name = "polars" },
    { name = "selectolax" },
]

[package.dev-dependencies]
dev = [
    { name = "pytest" },
]

[package.metadata]
requires-dist = [
    { name = "httpx", specifier = ">=0.28" },
    { name = "polars", specifier = ">=2" },
    { name = "selectolax", specifier = ">=1" },
]

[package.metadata.requires-dev]
dev = [{ name = "pytest", specifier = ">=8" }]

[[package]]
name = "certifi"
version = "2026.7.22"
source = { registry = "https://pypi.org/simple" }
sdist = { url = "https://files.pythonhosted.org/packages/a3/c2/24167ea9858356b47a87a50d39908bfdb72ceeefe0041586e704e5376b3a/certifi-2026.7.22.tar.gz", hash = "sha256:741e2c3b351ddf169a738da9f2c048608ff7f2c5cc02f1ebc6b118bb090d5d55", size = 138112, upload-time = "2026-07-22T03:35:12.644Z" }
wheels = [
    { url = "https://files.pythonhosted.org/packages/0b/a7/71ac2cff56fec219ed242bb11b8efb69fcc4bec75db06fb7bfe35de520e6/certifi-2026.7.22-py3-none-any.whl", hash = "sha256:62f22742b58a1a33014a2b6b706588a8d7e2a88ae7bd1a6ebe8c992928483775", size = 136983, upload-time = "2026-07-22T03:35:11.276Z" },
]

[[package]]
name = "colorama"
version = "0.4.6"
source = { registry = "https://pypi.org/simple" }
sdist = { url = "https://files.pythonhosted.org/packages/d8/53/6f443c9a4a8358a93a6792e2acffb9d9d5cb0a5cfd8802644b7b1c9a02e4/colorama-0.4.6.tar.gz", hash = "sha256:08695f5cb7ed6e0531a20572697297273c47b8cae5a63ffc6d6ed5c201be6e44", size = 27697, upload-time = "2022-10-25T02:36:22.414Z" }
wheels = [
    { url = "https://files.pythonhosted.org/packages/d1/d6/3965ed04c63042e047cb6a3e6ed1a63a35087b6a609aa3a15ed8ac56c221/colorama-0.4.6-py2.py3-none-any.whl", hash = "sha256:4f1d9991f5acc0ca119f9d443620b77f9d6b33703e51011c16baf57afb285fc6", size = 25335, upload-time = "2022-10-25T02:36:20.889Z" },
]

[[package]]
name = "h11"
version = "0.16.0"
source = { registry = "https://pypi.org/simple" }
sdist = { url = "https://files.pythonhosted.org/packages/01/ee/02a2c011bdab74c6fb3c75474d40b3052059d95df7e73351460c8588d963/h11-0.16.0.tar.gz", hash = "sha256:4e35b956cf45792e4caa5885e69fba00bdbc6ffafbfa020300e549b208ee5ff1", size = 101250, upload-time = "2025-04-24T03:35:25.427Z" }
wheels = [
    { url = "https://files.pythonhosted.org/packages/04/4b/29cac41a4d98d144bf5f6d33995617b185d14b22401f75ca86f384e87ff1/h11-0.16.0-py3-none-any.whl", hash = "sha256:63cf8bbe7522de3bf65932fda1d9c2772064ffb3dae62d55932da54b31cb6c86", size = 37515, upload-time = "2025-04-24T03:35:24.344Z" },
]

[[package]]
name = "httpcore"
version = "1.0.9"
source = { registry = "https://pypi.org/simple" }
dependencies = [
    { name = "certifi" },
    { name = "h11" },
]
sdist = { url = "https://files.pythonhosted.org/packages/06/94/82699a10bca87a5556c9c59b5963f2d039dbd239f25bc2a63907a05a14cb/httpcore-1.0.9.tar.gz", hash = "sha256:6e34463af53fd2ab5d807f399a9b45ea31c3dfa2276f15a2c3f00afff6e176e8", size = 85484, upload-time = "2025-04-24T22:06:22.219Z" }
wheels = [
    { url = "https://files.pythonhosted.org/packages/7e/f5/f66802a942d491edb555dd61e3a9961140fd64c90bce1eafd741609d334d/httpcore-1.0.9-py3-none-any.whl", hash = "sha256:2d400746a40668fc9dec9810239072b40b4484b640a8c38fd654a024c7a1bf55", size = 78784, upload-time = "2025-04-24T22:06:20.566Z" },
]

[[package]]
name = "httpx"
version = "0.28.1"
source = { registry = "https://pypi.org/simple" }
dependencies = [
    { name = "anyio" },
    { name = "certifi" },
    { name = "httpcore" },
    { name = "idna" },
]
sdist = { url = "https://files.pythonhosted.org/packages/b1/df/48c586a5fe32a0f01324ee087459e112ebb7224f646c0b5023f5e79e9956/httpx-0.28.1.tar.gz", hash = "sha256:75e98c5f16b0f35b567856f597f06ff2270a374470a5c2392242528e3e3e42fc", size = 141406, upload-time = "2024-12-06T15:37:23.222Z" }
wheels = [
    { url = "https://files.pythonhosted.org/packages/2a/39/e50c7c3a983047577ee07d2a9e53faf5a69493943ec3f6a384bdc792deb2/httpx-0.28.1-py3-none-any.whl", hash = "sha256:d909fcccc110f8c7faf814ca82a9a4d816bc5a6dbfea25d6591d6985b8ba59ad", size = 73517, upload-time = "2024-12-06T15:37:21.509Z" },
]

[[package]]
name = "idna"
version = "3.20"
source = { registry = "https://pypi.org/simple" }
sdist = { url = "https://files.pythonhosted.org/packages/f5/08/8eea9d4b8302028f3abb2c0813953f7aec26d33b7a8960ed760e65ff29fa/idna-3.20.tar.gz", hash = "sha256:a7db850025b95ded1eae8a46181a1a6c56c92c96f0e2b005d9ff8dc0210cab44", size = 216463, upload-time = "2026-09-17T14:11:04.752Z" }
wheels = [
    { url = "https://files.pythonhosted.org/packages/58/a2/bb081bab032533a855d44de1d56f8e8426114ff1ba5d1f07a438a0a654f8/idna-3.20-py3-none-any.whl", hash = "sha256:ab7ae7122974553370f0bdb919e1a960b2cd1bc1ef0276416d896db81c14582c", size = 69583, upload-time = "2026-09-17T14:11:03.168Z" },
]

[[package]]
name = "iniconfig"
version = "2.3.1"
source = { registry = "https://pypi.org/simple" }
sdist = { url = "https://files.pythonhosted.org/packages/01/e1/2069291243c926a2ff1cd706c7f3eeb9b62144bf60f77c9fb9ff2fb26bd3/iniconfig-2.3.1.tar.gz", hash = "sha256:67f4b9c50da0dedf52af349e7749a80a9057a5031199791b906c3bb3ae878960", size = 21209, upload-time = "2026-10-06T22:48:38.076Z" }
wheels = [
    { url = "https://files.pythonhosted.org/packages/56/43/4ca9e49d27a1fcf6bece6f6aec0ea46bb9112489b93d4b688fb415457bdb/iniconfig-2.3.1-py3-none-any.whl", hash = "sha256:9121e2c1fdb355232495be3194c8dfe87ccc2d5dee45947b78e68f499790d7a7", size = 7552, upload-time = "2026-10-06T22:48:36.959Z" },
]

[[package]]
name = "packaging"
version = "26.3"
source = { registry = "https://pypi.org/simple" }
sdist = { url = "https://files.pythonhosted.org/packages/7d/fa/3944b40b07da9ce895c0e6303a5ab7d53da063554f534556b134a54d6093/packaging-26.3.tar.gz", hash = "sha256:94edc256424af38762eb31306eed28beb9f0efc50a8837492c9d6fd6004aed79", size = 313412, upload-time = "2026-08-04T18:15:28.737Z" }
wheels = [
    { url = "https://files.pythonhosted.org/packages/63/34/ba1c580383c9eada3711951fef0795c80b829a078d72188184bcab9dd527/packaging-26.3-py3-none-any.whl", hash = "sha256:d7193f7c8e4e93f444fde0262bf90af30e16fa0ad0ad44cb553c87339b23cd1c", size = 129956, upload-time = "2026-08-04T18:15:27.159Z" },
]

[[package]]
name = "pluggy"
version = "1.6.0"
source = { registry = "https://pypi.org/simple" }
sdist = { url = "https://files.pythonhosted.org/packages/f9/e2/3e91f31a7d2b083fe6ef3fa267035b518369d9511ffab804f839851d2779/pluggy-1.6.0.tar.gz", hash = "sha256:7dcc130b76258d33b90f61b658791dede3486c3e6bfb003ee5c9bfb396dd22f3", size = 69412, upload-time = "2025-05-15T12:30:07.975Z" }
wheels = [
    { url = "https://files.pythonhosted.org/packages/54/20/4d324d65cc6d9205fabedc306948156824eb9f0ee1633355a8f7ec5c66bf/pluggy-1.6.0-py3-none-any.whl", hash = "sha256:e920276dd6813095e9377c0bc5566d94c932c33b27a3e3945d8389c374dd4746", size = 20538, upload-time = "2025-05-15T12:30:06.134Z" },
]

[[package]]
name = "polars"
version = "2.0.0"
source = { registry = "https://pypi.org/simple" }
dependencies = [
    { name = "polars-runtime-32" },
]
sdist = { url = "https://files.pythonhosted.org/packages/8e/e9/001f371ec6a1bb54893f599ceebd56e6144fed4091f09f09fec0021a9276/polars-2.0.0.tar.gz", hash = "sha256:62da109e27a19a9d36657ee25dc035c9d3f87e7bd610526fe467dc37ea7dc115", size = 778215, upload-time = "2026-10-06T11:51:29.679Z" }
wheels = [
    { url = "https://files.pythonhosted.org/packages/ac/09/cc33bbd5463749c116b62c204d88bed6c02a6cb901eac7adab0d38651b07/polars-2.0.0-py3-none-any.whl", hash = "sha256:35d62f3541b7a6d4c360a2e2f07fccc0c2bcbd33b0ea51c83a25417a47a3f3ad", size = 876611, upload-time = "2026-10-06T11:44:04.327Z" },
]

[[package]]
name = "polars-runtime-32"
version = "2.0.0"
source = { registry = "https://pypi.org/simple" }
sdist = { url = "https://files.pythonhosted.org/packages/34/ad/dbb6f6d7070867951532bcfe5e6a648d8777b416b18cddabc07030404e8c/polars_runtime_32-2.0.0.tar.gz", hash = "sha256:b5f9afcc742b4a67eabd2c680ff0f12eb02ede9b4bf807bffabd6dbb9a58d5c7", size = 3591339, upload-time = "2026-10-06T11:51:31.076Z" }
wheels = [
    { url = "https://files.pythonhosted.org/packages/82/88/d35dec6c8928dfbaa1cccf9b626a1067da906e792c92d9f994ca825ab2b5/polars_runtime_32-2.0.0-cp310-abi3-macosx_10_12_x86_64.whl", hash = "sha256:ffb7ac6cf4e8c4a652df1951e3c3840c7c23a033603d5a9efd422fa8dd699d82", size = 52494314, upload-time = "2026-10-06T11:44:07.768Z" },
    { url = "https://files.pythonhosted.org/packages/5f/fd/2237bf53ffaff47cdf1edc6c10587a7a6444d4951150eeb08d84f3493ff8/polars_runtime_32-2.0.0-cp310-abi3-macosx_11_0_arm64.whl", hash = "sha256:7012d8a0201bd95638545ce8f256c0efe2c5cab0f806eb043021dddde5a9498b", size = 47930083, upload-time = "2026-10-06T11:44:11.592Z" },
    { url = "https://files.pythonhosted.org/packages/0d/0d/85e3ed90417996fc09770be91b39979074fe2978fc15b431bf8a9459760d/polars_runtime_32-2.0.0-cp310-abi3-manylinux_2_17_aarch64.manylinux2014_aarch64.whl", hash = "sha256:8b85bb42e6009acc9629afcc70a83473fd468694d6a30ffb0ab376c8dd1a0a17", size = 50417889, upload-time = "2026-10-06T11:50:20.774Z" },
    { url = "https://files.pythonhosted.org/packages/83/88/e9fecfd49159da92f54ff2445883577a0f1bc195da53ecc9535c458d55dd/polars_runtime_32-2.0.0-cp310-abi3-manylinux_2_17_x86_64.manylinux2014_x86_64.whl", hash = "sha256:0d6ac584ea2b38913784db943879412380d92e28ab9cb88e20a77ba71ba3f911", size = 54475036, upload-time = "2026-10-06T11:50:24.411Z" },
    { url = "https://files.pythonhosted.org/packages/48/ad/b2abf732697b21467aaaeaac0f3bf7eee0d89c59ce8125f1ed41b28a2d97/polars_runtime_32-2.0.0-cp310-abi3-musllinux_1_2_aarch64.whl", hash = "sha256:a6bf5e260e0a6f00d0f9181438fe9e45776df8c66cee9cba16e3675cc3888488", size = 50579474, upload-time = "2026-10-06T11:50:28.377Z" },
    { url = "https://files.pythonhosted.org/packages/7f/05/304deee59a95865e1b5e9ec7b066069b49093b81b768f473d9d3b165c686/polars_runtime_32-2.0.0-cp310-abi3-musllinux_1_2_x86_64.whl", hash = "sha256:55c26eef325b6840584d91aac232e9cf3ac19e1b904594b9b54131be1edeab4d", size = 54413293, upload-time = "2026-10-06T11:50:31.828Z" },
    { url = "https://files.pythonhosted.org/packages/61/59/8c9fd7199f7c4eb1b64e640306a946a2e4a46337b3bbb33b840972c7d84b/polars_runtime_32-2.0.0-cp310-abi3-win_amd64.whl", hash = "sha256:7da1caf3c7b4f397fb213c984013a0c755557619a2d511899a1ff74392484078", size = 54229989, upload-time = "2026-10-06T11:50:35.206Z" },
    { url = "https://files.pythonhosted.org/packages/e2/93/43608026f38aa6ed4d22da8597706a61682ee403caef0021ce8e6dc73227/polars_runtime_32-2.0.0-cp310-abi3-win_arm64.whl", hash = "sha256:c30ba698c8904048df4a9bc3d6c5033cc2d0a7cbb0e13f4fd2de5a1947b61994", size = 48730655, upload-time = "2026-10-06T11:50:38.756Z" },
]

[[package]]
name = "pygments"
version = "2.21.0"
source = { registry = "https://pypi.org/simple" }
sdist = { url = "https://files.pythonhosted.org/packages/49/2e/ced460408999b33da6b31b0021b0f37d329e202d4169aeb164493778f25b/pygments-2.21.0.tar.gz", hash = "sha256:610ca751c9bc2492b38eb9a38a7fbc93edbbb2d7182edaf34e66ae493dee5c8c", size = 5005329, upload-time = "2026-08-17T08:02:48.824Z" }
wheels = [
    { url = "https://files.pythonhosted.org/packages/71/46/17f022dd3e953bf20a04a028a21ec746d942f8d2af30fa0f124fa0e6a684/pygments-2.21.0-py3-none-any.whl", hash = "sha256:2363c69b61c4a97c838da3b130dcd6468f4848992b21a82f2a63ec34377137d9", size = 1250147, upload-time = "2026-08-17T08:02:44.912Z" },
]

[[package]]
name = "pytest"
version = "9.1.1"
source = { registry = "https://pypi.org/simple" }
dependencies = [
    { name = "colorama", marker = "sys_platform == 'win32'" },
    { name = "iniconfig" },
    { name = "packaging" },
    { name = "pluggy" },
    { name = "pygments" },
]
sdist = { url = "https://files.pythonhosted.org/packages/e4/47/b9efed96c114afcfa3c9d3fe98a76a1d14c74a9e266d397cf6eb64be5e01/pytest-9.1.1.tar.gz", hash = "sha256:1088fbde8f2b49d95a549a195707afa7a76a3ce9bcadc26b6d71f0ffda5fe313", size = 1636369, upload-time = "2026-06-19T10:58:32.857Z" }
wheels = [
    { url = "https://files.pythonhosted.org/packages/24/25/1de2678b631f5a49215c6c96fff41ba892b0a34df68d6d80292b1b48aa7f/pytest-9.1.1-py3-none-any.whl", hash = "sha256:37a86b45efb9a47a61a36449063e8e18d0cab3161329fc099eb21783169c4f0c", size = 386536, upload-time = "2026-06-19T10:58:31.347Z" },
]

[[package]]
name = "selectolax"
version = "1.0.0"
source = { registry = "https://pypi.org/simple" }
sdist = { url = "https://files.pythonhosted.org/packages/94/f3/5948923cf44e52630566e24f753d1cb683b29afecedd7b75fde73e1e34b6/selectolax-1.0.0.tar.gz", hash = "sha256:d0184bda14dc2ca8915dbdfd18b45262fbaa3077d798f127808434de44fd7fb3", size = 3578801, upload-time = "2026-10-03T15:26:06.478Z" }
wheels = [
    { url = "https://files.pythonhosted.org/packages/54/44/431ba2548b566ac9e950e909f562b0ff098136bd577e7a4f4534a5784786/selectolax-1.0.0-cp311-cp311-macosx_10_9_x86_64.whl", hash = "sha256:5c68cee781282abbd74bab52f47036949b23ac7675547dd832dd8b2c03294d5d", size = 1369241, upload-time = "2026-10-03T15:23:56.758Z" },
    { url = "https://files.pythonhosted.org/packages/53/ab/c6e62955bb044108c2b1a4377c57c71d7e22f1f378024706a95a8f00d9d9/selectolax-1.0.0-cp311-cp311-macosx_11_0_arm64.whl", hash = "sha256:218f0eba6a7191b7ed7b4ce7359af401cf5a450cab6f74880765c81a3a8e855b", size = 1361324, upload-time = "2026-10-03T15:23:58.329Z" },
    { url = "https://files.pythonhosted.org/packages/ec/dc/99206004be7b6d57c47a3b0872b14e6392603cc9645cd1de6e63024c0a39/selectolax-1.0.0-cp311-cp311-manylinux2014_aarch64.manylinux_2_17_aarch64.manylinux_2_28_aarch64.whl", hash = "sha256:d8c9e455514b39b8f2607b33f4bd265fda9a9b96cd1d653b743ac4af32f3fba0", size = 1476824, upload-time = "2026-10-03T15:24:00.091Z" },
    { url = "https://files.pythonhosted.org/packages/3e/0a/b025f007a12ce24464dd34b902d28be93912e91136da8243cfba89017ac4/selectolax-1.0.0-cp311-cp311-manylinux2014_x86_64.manylinux_2_17_x86_64.manylinux_2_28_x86_64.whl", hash = "sha256:5bd54dd9467d80f155b092e5b432f5e7be2d41a15e9e77b8547349cfcd1309d2", size = 1494174, upload-time = "2026-10-03T15:24:02.314Z" },
    { url = "https://files.pythonhosted.org/packages/50/6e/d4dc2bce9e586319fc31fec83ecc1fa90cd4d852574b7b7b14552a15b092/selectolax-1.0.0-cp311-cp311-musllinux_1_2_aarch64.whl", hash = "sha256:d55ce18dc2953a9852f35cf24b746217132105b2f3474513c0aab36f6920dd29", size = 1480942, upload-time = "2026-10-03T15:24:03.784Z" },
    { url = "https://files.pythonhosted.org/packages/6f/cb/501fba9192405537b203d9e0c4e92e66e9da05ad043b2736b665ca773435/selectolax-1.0.0-cp311-cp311-musllinux_1_2_x86_64.whl", hash = "sha256:ec402d7d92216db3e214bc27f8186b4ddc5a1e9827ffb2efef3ffa2fe8f76a0d", size = 1498954, upload-time = "2026-10-03T15:24:05.306Z" },
    { url = "https://files.pythonhosted.org/packages/ad/b0/f87feb03f38576c2e563c3eb7b9c39ca08ab4d62249faf440d8476ac0ace/selectolax-1.0.0-cp311-cp311-win32.whl", hash = "sha256:0d407bffa38c7cf0363ef1d957b4e55ec27c1c1593f2da8153982eeb68a41660", size = 1177037, upload-time = "2026-10-03T15:24:06.788Z" },
    { url = "https://files.pythonhosted.org/packages/ac/ed/ae182fc01b05f0a423925836051c36b34b659326c743277517f96e84da5c/selectolax-1.0.0-cp311-cp311-win_amd64.whl", hash = "sha256:c3c9edd789a7b5e25a60ade794a683f2bab7c7892ca8d88f16562fd524a12c80", size = 1246409, upload-time = "2026-10-03T15:24:08.616Z" },
    { url = "https://files.pythonhosted.org/packages/56/e1/40bc2b848ff80df7a6e04b7823a164afa9e19bab12f9a4ed31aa25173514/selectolax-1.0.0-cp311-cp311-win_arm64.whl", hash = "sha256:447885ad04b85e5ca1dde56017b72555c1f8bf595e05bbcba4af0373a9baa91a", size = 1228553, upload-time = "2026-10-03T15:24:10.529Z" },
    { url = "https://files.pythonhosted.org/packages/52/a0/cc1cbefaaa0792145b766e13222f4e5add9968192251278ea81e7798915b/selectolax-1.0.0-cp312-cp312-macosx_10_13_x86_64.whl", hash = "sha256:0715677b465930154681fa2b6402bab99be90295fe9f37a1c8bd54e2002083de", size = 1372774, upload-time = "2026-10-03T15:24:12.061Z" },
    { url = "https://files.pythonhosted.org/packages/21/4b/af7609cb3a7d4de9a7fc73e6206bc05500179d456673f5d9424d0391709b/selectolax-1.0.0-cp312-cp312-macosx_11_0_arm64.whl", hash = "sha256:e29a0f79da8650c5dedaf419adca332acc46143329e84cc7329d8a40c70395f1", size = 1364243, upload-time = "2026-10-03T15:24:13.781Z" },
    { url = "https://files.pythonhosted.org/packages/9b/e2/c16229b19593b5f7198144a0ef1d65ce536dfca55e4c0f961ab96514c4da/selectolax-1.0.0-cp312-cp312-manylinux2014_aarch64.manylinux_2_17_aarch64.manylinux_2_28_aarch64.whl", hash = "sha256:e90ef352e15611d9285d2988f871e16932b7073076b13dd7d6414a32e19ae681", size = 1472298, upload-time = "2026-10-03T15:24:15.331Z" },
    { url = "https://files.pythonhosted.org/packages/04/14/e7e34ebdf039b3bbc5a7742ac436a73fe41c39ca26254defeb03dcee9452/selectolax-1.0.0-cp312-cp312-manylinux2014_x86_64.manylinux_2_17_x86_64.manylinux_2_28_x86_64.whl", hash = "sha256:79a93a5886dbea74cb88f11112e0a239f2e6c20f1b38a345025a5e8101afe3f7", size = 1492994, upload-time = "2026-10-03T15:24:16.864Z" },
    { url = "https://files.pythonhosted.org/packages/be/1a/94363236e259c0fbddf5d1eba52a93448ba00bc82e0f32d7fd455412797f/selectolax-1.0.0-cp312-cp312-musllinux_1_2_aarch64.whl", hash = "sha256:4493b65778d5d6fc117643ae158732a901700c23eff8a582a975d873baf2a796", size = 1476954, upload-time = "2026-10-03T15:24:18.424Z" },
    { url = "https://files.pythonhosted.org/packages/23/7e/030f9f1707156913aef6fa8958dc3f09473f45676ccc37a2e8238edd0b54/selectolax-1.0.0-cp312-cp312-musllinux_1_2_x86_64.whl", hash = "sha256:7f8b20241cfd043563bf2f76d3d7f2bf33895e3bf623ccace7b74d05848cc05a", size = 1496063, upload-time = "2026-10-03T15:24:20.071Z" },
    { url = "https://files.pythonhosted.org/packages/4d/84/e8f09c08c79d3d4a5ae7a24b61f31306167883ab9d3838c3db4fea684c71/selectolax-1.0.0-cp312-cp312-win32.whl", hash = "sha256:dced27ea753b6734eb1620e81db57e1a26e8989e304ee1b7080a74f2a0a8d477", size = 1171691, upload-time = "2026-10-03T15:24:21.669Z" },
    { url = "https://files.pythonhosted.org/packages/af/79/f21366e5f4b56be969887730a7ccb021d7f39cd0381b13f682c853b96ada/selectolax-1.0.0-cp312-cp312-win_amd64.whl", hash = "sha256:a4c19c3c54b0aedb1a853891feafc3d2af3ec554a3cf9ef2964165323c30cadc", size = 1237424, upload-time = "2026-10-03T15:24:23.238Z" },
    { url = "https://files.pythonhosted.org/packages/67/6a/4cb1f4ddb6f681609a416de3a275051646e7feb7d33ecd248c62dadd8cb5/selectolax-1.0.0-cp312-cp312-win_arm64.whl", hash = "sha256:6f33fc331cbee9f7c6125f6b62ca9159081817bfe0e9d7177c2cb7fedee4d5b8", size = 1217726, upload-time = "2026-10-03T15:24:24.929Z" },
    { url = "https://files.pythonhosted.org/packages/d9/68/2606973bf32fcd2540620e01506f50621026af57e87c7d975772352e6ff7/selectolax-1.0.0-cp313-cp313-macosx_10_13_x86_64.whl", hash = "sha256:6ca6a371a8bef412f7587d4ff77236490450a648b243bf61c3362959c1e748a8", size = 1372526, upload-time = "2026-10-03T15:24:26.709Z" },
    { url = "https://files.pythonhosted.org/packages/5e/4f/69d9f52a10e7d45819021548aeea3fde404f84078f3ae386f103db5fc21c/selectolax-1.0.0-cp313-cp313-macosx_11_0_arm64.whl", hash = "sha256:dca8670d64eabfd0aefc7170839ed992945d5380396d388cc2610d31c3587659", size = 1362890, upload-time = "2026-10-03T15:24:28.267Z" },
    { url = "https://files.pythonhosted.org/packages/6e/82/daf33da901fb65c9943505d6b82c23584fbde2de42712e80bb374db355c7/selectolax-1.0.0-cp313-cp313-manylinux2014_aarch64.manylinux_2_17_aarch64.manylinux_2_28_aarch64.whl", hash = "sha256:5a0b2ef5e5706a583c6cc88f0191349b4a8cab8b3c27483c76deb6f5526251d5", size = 1472770, upload-time = "2026-10-03T15:24:29.809Z" },
    { url = "https://files.pythonhosted.org/packages/39/2b/514aca29b35da4df671eb4ad20604bebbf633f25315aa4cbf9a9e7d30c33/selectolax-1.0.0-cp313-cp313-manylinux2014_x86_64.manylinux_2_17_x86_64.manylinux_2_28_x86_64.whl", hash = "sha256:9d78ef447f794818fbb3cc73b6f34baf682b83101061894d04d7774caaf47208", size = 1493195, upload-time = "2026-10-03T15:24:31.329Z" },
    { url = "https://files.pythonhosted.org/packages/f9/4e/2b5853130f9c6bb0d0ada9499f8b297a2c0eb2b171d3cb1faf4f11671600/selectolax-1.0.0-cp313-cp313-musllinux_1_2_aarch64.whl", hash = "sha256:5daf0f21244bf480d26a2a24b65136c38e201b30d79f9a1f516308bbc29b9f6e", size = 1477695, upload-time = "2026-10-03T15:24:32.944Z" },
    { url = "https://files.pythonhosted.org/packages/3d/52/ab7d036ded19d246605f1205d6e82dbfcc6aa6966ecf3e533ae39d5428d9/selectolax-1.0.0-cp313-cp313-musllinux_1_2_x86_64.whl", hash = "sha256:8047b901c96d42712a5d5cd4c2e77139703b2823fc8674fd6b927cca242247e1", size = 1498196, upload-time = "2026-10-03T15:24:34.57Z" },
    { url = "https://files.pythonhosted.org/packages/fe/e6/d1a8b8ef740ef18765f5b47a1b84fe7ac4c705d3fcfc556872445feb147f/selectolax-1.0.0-cp313-cp313-win32.whl", hash = "sha256:bc0f4882b423bb649c5892a55dc36704c8dbad4f08646146e353f97bb206f7d7", size = 1171587, upload-time = "2026-10-03T15:24:36.518Z" },
    { url = "https://files.pythonhosted.org/packages/8a/b9/4a4f3f34e6b048325022219d468cfe933fd0f1ef95bbf60c6c8d94c35959/selectolax-1.0.0-cp313-cp313-win_amd64.whl", hash = "sha256:6af0c41164bf4f939a1ff771003ed8b8d93712486ff426555622c2bc13a4c6d4", size = 1237116, upload-time = "2026-10-03T15:24:38.14Z" },
    { url = "https://files.pythonhosted.org/packages/0e/a5/ea856632c594f807e85f5f372de61f72d138d179be1b956473aeaaa5f5d4/selectolax-1.0.0-cp313-cp313-win_arm64.whl", hash = "sha256:169b5e66e5929e2f68b2de46e939b47dc9e7abc446528ee3a0acb1fc21b036e3", size = 1217247, upload-time = "2026-10-03T15:24:39.943Z" },
    { url = "https://files.pythonhosted.org/packages/18/2b/a62b5b89e3477871e86fbcb96ebe77e2e7ea58259407b3c7b5fc3b3e9bf2/selectolax-1.0.0-cp314-cp314-macosx_10_15_x86_64.whl", hash = "sha256:9463bfd74a9b6a73c4e8909432637b80cc3e292060b875a60ecc2212ccb1a79a", size = 1386976, upload-time = "2026-10-03T15:24:41.498Z" },
    { url = "https://files.pythonhosted.org/packages/0d/41/0de0180b76d32787d25f752b674bbe036c049a4c7ce21c78712c30a3a94d/selectolax-1.0.0-cp314-cp314-macosx_11_0_arm64.whl", hash = "sha256:dd6b0a52d18d88b1f7859ecd3f6d3abef42f4d84ee5e32ea118d6b6386cf4604", size = 1379050, upload-time = "2026-10-03T15:24:43.402Z" },
    { url = "https://files.pythonhosted.org/packages/cc/47/f275309b09fe43b5f7cbf1dbffeaa43821874da55a1440fa2377afae5992/selectolax-1.0.0-cp314-cp314-manylinux2014_aarch64.manylinux_2_17_aarch64.manylinux_2_28_aarch64.whl", hash = "sha256:b51bfac1abce77572c28194b70c52f4b484363a2555452215a8f4c5256150e65", size = 1490011, upload-time = "2026-10-03T15:24:45.112Z" },
    { url = "https://files.pythonhosted.org/packages/07/00/c132f3feaf5f2113d021bca93624912a2ae44f4b6785fb5e061a67bbfd16/selectolax-1.0.0-cp314-cp314-manylinux2014_x86_64.manylinux_2_17_x86_64.manylinux_2_28_x86_64.whl", hash = "sha256:f1bddd8e67b0c1163f2ef41e95896e5303e78dd5f881fc03c307a028765e735d", size = 1509235, upload-time = "2026-10-03T15:24:46.998Z" },
    { url = "https://files.pythonhosted.org/packages/34/a8/c842ac429248e6192836e480e8ef9456b03deaf823663fcc84068a67b94d/selectolax-1.0.0-cp314-cp314-musllinux_1_2_aarch64.whl", hash = "sha256:279d455afe62701f5dcebc818f8b3e1d6d4c7831dbaa521a7997ae7aabdae833", size = 1497899, upload-time = "2026-10-03T15:24:48.645Z" },
    { url = "https://files.pythonhosted.org/packages/7b/21/722a997988bbe72ceb8f88876c9da52adde9deaf2a541b9dc386fcca9951/selectolax-1.0.0-cp314-cp314-musllinux_1_2_x86_64.whl", hash = "sha256:5a44a25fb9651cf644c4556034deddb15b678247c222ce7645ba06aa53557d65", size = 1513792, upload-time = "2026-10-03T15:24:50.552Z" },
    { url = "https://files.pythonhosted.org/packages/e5/73/54c879feb30ced05c995343838d0e2369e4fe020ce1821d8f098100202a5/selectolax-1.0.0-cp314-cp314-win32.whl", hash = "sha256:47a55f8ca638fe8bc943756e1c371676772a4912fba84b0eccc531f76229aea1", size = 1234561, upload-time = "2026-10-03T15:24:52.262Z" },
    { url = "https://files.pythonhosted.org/packages/02/48/35e68cb0aa020fb34d42f043caf2809ccdd441ac863ff25a76bffb53e70e/selectolax-1.0.0-cp314-cp314-win_amd64.whl", hash = "sha256:610abc8fd039eeee0d7558b5fdea52952d5bedc2860857695e558d7f4d3d5e76", size = 1300600, upload-time = "2026-10-03T15:24:53.86Z" },
    { url = "https://files.pythonhosted.org/packages/92/e8/07b05058365a571d104923035a473289910c3dea7a944af5beb939e95737/selectolax-1.0.0-cp314-cp314-win_arm64.whl", hash = "sha256:fc73600a385c3cdbc5f9b57751585ed490fe8562bc7905d229ddb90172d813f0", size = 1283383, upload-time = "2026-10-03T15:24:55.417Z" },
    { url = "https://files.pythonhosted.org/packages/2a/3f/a6bc6fb089bc1802a2ca0e3119d86a7d751d3399d1df4a1239e4606d500f/selectolax-1.0.0-cp314-cp314t-macosx_10_15_x86_64.whl", hash = "sha256:bc15bed9b416de86939a8e30a40d30e194c2f034a1fb2a1f52f29944f9a710d5", size = 1390924, upload-time = "2026-10-03T15:24:57.107Z" },
    { url = "https://files.pythonhosted.org/packages/0e/e8/99ee118c50ea8346e5e899f329f38db7ba48ab3af90eaceb35a5249b85e3/selectolax-1.0.0-cp314-cp314t-macosx_11_0_arm64.whl", hash = "sha256:17373fe87367272c4b1a6ccc3133c20e471d5ad60ca484ed5f2766cdd262a41c", size = 1386465, upload-time = "2026-10-03T15:24:58.843Z" },
    { url = "https://files.pythonhosted.org/packages/fd/b0/d72f0e541f7ab66d5267775611ba438b21935bb0883b8d7b73c3b4515cd1/selectolax-1.0.0-cp314-cp314t-manylinux2014_aarch64.manylinux_2_17_aarch64.manylinux_2_28_aarch64.whl", hash = "sha256:7a8ef0b23a6f82da37d9168cdd4f595847e132e98ad6c6deebab8d174647be2b", size = 1490517, upload-time = "2026-10-03T15:25:00.567Z" },
    { url = "https://files.pythonhosted.org/packages/e9/77/55e6e6f68db7c5911b5cc7b7ce3408c382c7d1c845fb0d5b60a233f2f243/selectolax-1.0.0-cp314-cp314t-manylinux2014_x86_64.manylinux_2_17_x86_64.manylinux_2_28_x86_64.whl", hash = "sha256:f1d367c5d474561b425a6d8aec9b0d3763287172e44355658cc4fae2a0335001", size = 1505244, upload-time = "2026-10-03T15:25:02.147Z" },
    { url = "https://files.pythonhosted.org/packages/b5/14/d255495a3e041b2e96765d487260f3f8575b8c7069ddce9abad1b3a4fd62/selectolax-1.0.0-cp314-cp314t-musllinux_1_2_aarch64.whl", hash = "sha256:700e8ebd8439d920f6ca4373d68c84f5e7de144f16d6d3f304a9373686777a53", size = 1500470, upload-time = "2026-10-03T15:25:03.962Z" },
    { url = "https://files.pythonhosted.org/packages/b8/be/e3e9331ba7746e48fe17ad8fdb0cd94b2c8af4fb4bb767d773e86b01b747/selectolax-1.0.0-cp314-cp314t-musllinux_1_2_x86_64.whl", hash = "sha256:8ac4c3c6f633111079f703d8668ef57426f6ccf2224a18aaf51f549934c6afda", size = 1507452, upload-time = "2026-10-03T15:25:05.592Z" },
    { url = "https://files.pythonhosted.org/packages/03/d1/d111fa5664f9585a78475b1116169ee6126922fd152e4abecb26bfb0ee63/selectolax-1.0.0-cp314-cp314t-win32.whl", hash = "sha256:52de2a76b01e323399180901ec00e01d6ddef0ef78ed2e19378ccddce4926574", size = 1252894, upload-time = "2026-10-03T15:25:07.457Z" },
    { url = "https://files.pythonhosted.org/packages/49/00/2d05df55ee34cabefa525492f9fc3a9b215c0630791cacc1c665542a742b/selectolax-1.0.0-cp314-cp314t-win_amd64.whl", hash = "sha256:1e07e023cb0b6e4527c4ddfe399711ef5a3cd0babbcc933deecf83943d4eb348", size = 1317166, upload-time = "2026-10-03T15:25:09.212Z" },
    { url = "https://files.pythonhosted.org/packages/4c/2c/495f227b843b8325249ac1809ff3c69e2f724bb695a065772fb2fb3a91c6/selectolax-1.0.0-cp314-cp314t-win_arm64.whl", hash = "sha256:e40914a53db275a8ee3f42fd3deb417f4a3a33910b0dc758fbce5264d6943994", size = 1297795, upload-time = "2026-10-03T15:25:10.918Z" },
    { url = "https://files.pythonhosted.org/packages/17/f5/1b66112ef47aebb85daf39895d9ffdd1dae56694d1ed666f21587c1acfd2/selectolax-1.0.0-cp315-cp315-macosx_10_15_x86_64.whl", hash = "sha256:a33da0a4a140a55b7f24dd7842f60b7866e1749af3f3aca8a16095689164392d", size = 1386287, upload-time = "2026-10-03T15:25:12.971Z" },
    { url = "https://files.pythonhosted.org/packages/c8/b1/bc949ab3e97f4987fab94224a91b9b691fa0ee7e0ed20f6b446707376c64/selectolax-1.0.0-cp315-cp315-macosx_11_0_arm64.whl", hash = "sha256:dd23e42c1811b822e0371128381a1e0f625c67ae31cd08eb47e0f4523fa76e49", size = 1379854, upload-time = "2026-10-03T15:25:15.248Z" },
    { url = "https://files.pythonhosted.org/packages/87/96/46642510b593d1e4457f486a11fb01831d6caa6cad5dccefaf4fbea9d516/selectolax-1.0.0-cp315-cp315-manylinux2014_aarch64.manylinux_2_17_aarch64.manylinux_2_28_aarch64.whl", hash = "sha256:f47174c005c5e4b69dea8e50a9ac4de026f6c8211b114b0950290d327d1014dd", size = 1492098, upload-time = "2026-10-03T15:25:17.331Z" },
    { url = "https://files.pythonhosted.org/packages/ac/42/57dc17352674d279be163dd79eee0f1b8a67bd05c432d712f7f96f182a75/selectolax-1.0.0-cp315-cp315-manylinux2014_x86_64.manylinux_2_17_x86_64.manylinux_2_28_x86_64.whl", hash = "sha256:2af5744e85387ade122398dd580c3e4b6aa144f3b1ed5cb95985e40e516f5fb1", size = 1508875, upload-time = "2026-10-03T15:25:19.585Z" },
    { url = "https://files.pythonhosted.org/packages/4c/e3/5075a34239165ec755431a967d4a70baeab8fe21252dfd1b89004a1815fc/selectolax-1.0.0-cp315-cp315-musllinux_1_2_aarch64.whl", hash = "sha256:e780e553f8f4675a7a8580ac0c0b4adbc2305170a8e15d1364a3a1e87291beb3", size = 1501123, upload-time = "2026-10-03T15:25:21.497Z" },
    { url = "https://files.pythonhosted.org/packages/09/c2/5f97a845706fe4023a36de9e65e2c0058890c5b5dfbcae5436c40881a41b/selectolax-1.0.0-cp315-cp315-musllinux_1_2_x86_64.whl", hash = "sha256:af8c2b8c7717cf287d9a50ae0c070adac1ca6416bd82c042adb5b2146fbabe5b", size = 1516002, upload-time = "2026-10-03T15:25:23.138Z" },
    { url = "https://files.pythonhosted.org/packages/25/7a/361bc2d30e3bde2fb573316a2a760037af91ed38b25cae0d5149b9dc09cd/selectolax-1.0.0-cp315-cp315-win32.whl", hash = "sha256:f76d6782256bf06526e22ef4104e8563f73af893abc2813978b604c8f95a8a59", size = 1234112, upload-time = "2026-10-03T15:25:25.022Z" },
    { url = "https://files.pythonhosted.org/packages/41/dc/cc12a0317bf28c75f328bb715cc543184b4ef614224ad844183d9577d790/selectolax-1.0.0-cp315-cp315-win_amd64.whl", hash = "sha256:338763f3677e7631082b5dda5259fc59f2e4fbfb3ea8a03950f9f8202e72b8e9", size = 1300269, upload-time = "2026-10-03T15:25:26.819Z" },
    { url = "https://files.pythonhosted.org/packages/6c/f5/5bed599c116d2694831afb03170380e2423551ac4edff2a4d7778dea7128/selectolax-1.0.0-cp315-cp315-win_arm64.whl", hash = "sha256:c389fe81e7e48a1a17e18304d2e5eff03d096928eaf6aea9d51bb85f39ae93e2", size = 1283465, upload-time = "2026-10-03T15:25:28.546Z" },
    { url = "https://files.pythonhosted.org/packages/52/c9/6766bb922afb120ff8df0469b364de0ecab6e4932560024bad05d0c1655b/selectolax-1.0.0-cp315-cp315t-macosx_10_15_x86_64.whl", hash = "sha256:808325f4ff228b7e51049cbb77cac7e558638f88e5d4d72468cb57f3edc826c2", size = 1390102, upload-time = "2026-10-03T15:25:30.648Z" },
    { url = "https://files.pythonhosted.org/packages/14/0b/1c393b3491aebcb297c02fa0b65fd90478671477f99556dd29b4b8e0c67c/selectolax-1.0.0-cp315-cp315t-macosx_11_0_arm64.whl", hash = "sha256:c7cd74392e0e7969dcdd3d4fa83d9d535e14c88fdb0283e02fcd8ff572f86218", size = 1387876, upload-time = "2026-10-03T15:25:32.575Z" },
    { url = "https://files.pythonhosted.org/packages/d7/d5/0642b30bc3ac75eb723d43ac8cf1bc9ab6fe886c48e2783ba8167a0f33b7/selectolax-1.0.0-cp315-cp315t-manylinux2014_aarch64.manylinux_2_17_aarch64.manylinux_2_28_aarch64.whl", hash = "sha256:17c948eee186e050fa069b6661d4691b7dd5627e123f9c12e9c380887c5b3236", size = 1494114, upload-time = "2026-10-03T15:25:34.679Z" },
    { url = "https://files.pythonhosted.org/packages/6b/8a/6d6bb03d815b218a992722ed44d76d78e386ba80967f849e892a777df90d/selectolax-1.0.0-cp315-cp315t-manylinux2014_x86_64.manylinux_2_17_x86_64.manylinux_2_28_x86_64.whl", hash = "sha256:b8d68578c0b35d5e700e71ed967e49fa12c7edad1ee955130aa307d7c04d08dd", size = 1503312, upload-time = "2026-10-03T15:25:36.525Z" },
    { url = "https://files.pythonhosted.org/packages/fb/64/13e07e5b98df5ad1a2792bf3f4058bb38e190b25b3ee50a8c4c999758784/selectolax-1.0.0-cp315-cp315t-musllinux_1_2_aarch64.whl", hash = "sha256:23322b70dfc62d5a2027e23ab7ba0ab814d318050ffab758ab3be68e514f645a", size = 1505794, upload-time = "2026-10-03T15:25:38.863Z" },
    { url = "https://files.pythonhosted.org/packages/29/19/a387989770f23fc576d12c734c03909a49460b27fd4d66dad8e25370742b/selectolax-1.0.0-cp315-cp315t-musllinux_1_2_x86_64.whl", hash = "sha256:efcad7770330753c6d4b2ac8e00595c89b08aeb1016e5b2120952154d91a5e45", size = 1509633, upload-time = "2026-10-03T15:25:40.809Z" },
    { url = "https://files.pythonhosted.org/packages/9d/0a/bf02467dc67de318e7212ec17b38c43a4c6289024b31fef0b060c7279712/selectolax-1.0.0-cp315-cp315t-win32.whl", hash = "sha256:bc61abd66e80fd1934e8c22007f7b4b65f9eef14b58f2e7331de43f020ad1c00", size = 1252150, upload-time = "2026-10-03T15:25:42.73Z" },
    { url = "https://files.pythonhosted.org/packages/00/46/63a579d301357b8519835cccfd173158069eb003e4a2c7c14969888fc98b/selectolax-1.0.0-cp315-cp315t-win_amd64.whl", hash = "sha256:c43acd6f489fcc340715f7da762ec7bb2308ebb9cc871a6ea523282fbd0103f4", size = 1315310, upload-time = "2026-10-03T15:25:44.55Z" },
    { url = "https://files.pythonhosted.org/packages/57/72/f9ba7d23f3091dd15dd85d8106b311f528aacdde0c7c15ef0d76c7cf85ca/selectolax-1.0.0-cp315-cp315t-win_arm64.whl", hash = "sha256:e8c06066a0b831fa973cfe0a330f8ca54a8827cb703813d353b9f2a4e2ac089b", size = 1295960, upload-time = "2026-10-03T15:25:46.674Z" },
]

[[package]]
name = "typing-extensions"
version = "4.16.0"
source = { registry = "https://pypi.org/simple" }
sdist = { url = "https://files.pythonhosted.org/packages/f6/cc/6253133b5bb138fc3306cebfbda2c520f545d36b5be2c7255cc528bb45d6/typing_extensions-4.16.0.tar.gz", hash = "sha256:dc983d19a509c94dba722ee6abd33940f7c05a89e243c47e907eb4db6f1a43e5", size = 113555, upload-time = "2026-07-02T08:40:05.92Z" }
wheels = [
    { url = "https://files.pythonhosted.org/packages/49/d3/b8441a820a491ddfc024b0b0cf0393375b75ea13866d9c66727e54c2fc80/typing_extensions-4.16.0-py3-none-any.whl", hash = "sha256:481caa481374e813c1b176ada14e97f1f67a4539ce9cfeb3f350d78d6370c2e8", size = 45571, upload-time = "2026-07-02T08:40:04.659Z" },
]
