version = 1
revision = 3
requires-python = ">=3.11"

[[package]]
name = "anyio"
version = "4.15.1"
source = { registry = "https://pypi.org/simple" }
dependencies = [
    { name = "idna" },
    { name = "typing-extensions", marker = "python_full_version < '3.15'" },
]
sdist = { url = "https://files.pythonhosted.org/packages/a9/d2/f4d173e22df740bc37b1db102b386ba719b66e95b0f0d751f556b387e6d2/anyio-4.15.1.tar.gz", hash = "sha256:9f28306018cbd6d329e64a36d58256edff76dd996fe423bc957326e578b82a94", size = 276966, upload-time = "2026-09-05T10:42:39.44Z" }
wheels = [
    { url = "https://files.pythonhosted.org/packages/12/b8/4bd346e22b28902df4d651910f5242c28d84e4a5c2435ca5c3f797ed7e2e/anyio-4.15.1-py3-none-any.whl", hash = "sha256:6152fdbbf9a77fdec97731721bebf7c4c44f7c29b424b0065826173efc7ed101", size = 132079, upload-time = "2026-09-05T10:42:37.923Z" },
]

[[package]]
name = "aoi"
version = "0.1.0"
source = { virtual = "." }
dependencies = [
    { name = "httpx" },
    { name = "polars" },
    { name = "selectolax" },
]

[package.dev-dependencies]
dev = [
    { name = "pytest" },
]

[package.metadata]
requires-dist = [
    { name = "httpx", specifier = ">=0.28" },
    { name = "polars", specifier = ">=1.30" },
    { name = "selectolax", specifier = ">=0.3.27" },
]

[package.metadata.requires-dev]
dev = [{ name = "pytest", specifier = ">=8" }]

[[package]]
name = "certifi"
version = "2026.7.22"
source = { registry = "https://pypi.org/simple" }
sdist = { url = "https://files.pythonhosted.org/packages/a3/c2/24167ea9858356b47a87a50d39908bfdb72ceeefe0041586e704e5376b3a/certifi-2026.7.22.tar.gz", hash = "sha256:741e2c3b351ddf169a738da9f2c048608ff7f2c5cc02f1ebc6b118bb090d5d55", size = 138112, upload-time = "2026-07-22T03:35:12.644Z" }
wheels = [
    { url = "https://files.pythonhosted.org/packages/0b/a7/71ac2cff56fec219ed242bb11b8efb69fcc4bec75db06fb7bfe35de520e6/certifi-2026.7.22-py3-none-any.whl", hash = "sha256:62f22742b58a1a33014a2b6b706588a8d7e2a88ae7bd1a6ebe8c992928483775", size = 136983, upload-time = "2026-07-22T03:35:11.276Z" },
]

[[package]]
name = "colorama"
version = "0.4.6"
source = { registry = "https://pypi.org/simple" }
sdist = { url = "https://files.pythonhosted.org/packages/d8/53/6f443c9a4a8358a93a6792e2acffb9d9d5cb0a5cfd8802644b7b1c9a02e4/colorama-0.4.6.tar.gz", hash = "sha256:08695f5cb7ed6e0531a20572697297273c47b8cae5a63ffc6d6ed5c201be6e44", size = 27697, upload-time = "2022-10-25T02:36:22.414Z" }
wheels = [
    { url = "https://files.pythonhosted.org/packages/d1/d6/3965ed04c63042e047cb6a3e6ed1a63a35087b6a609aa3a15ed8ac56c221/colorama-0.4.6-py2.py3-none-any.whl", hash = "sha256:4f1d9991f5acc0ca119f9d443620b77f9d6b33703e51011c16baf57afb285fc6", size = 25335, upload-time = "2022-10-25T02:36:20.889Z" },
]

[[package]]
name = "h11"
version = "0.16.0"
source = { registry = "https://pypi.org/simple" }
sdist = { url = "https://files.pythonhosted.org/packages/01/ee/02a2c011bdab74c6fb3c75474d40b3052059d95df7e73351460c8588d963/h11-0.16.0.tar.gz", hash = "sha256:4e35b956cf45792e4caa5885e69fba00bdbc6ffafbfa020300e549b208ee5ff1", size = 101250, upload-time = "2025-04-24T03:35:25.427Z" }
wheels = [
    { url = "https://files.pythonhosted.org/packages/04/4b/29cac41a4d98d144bf5f6d33995617b185d14b22401f75ca86f384e87ff1/h11-0.16.0-py3-none-any.whl", hash = "sha256:63cf8bbe7522de3bf65932fda1d9c2772064ffb3dae62d55932da54b31cb6c86", size = 37515, upload-time = "2025-04-24T03:35:24.344Z" },
]

[[package]]
name = "httpcore"
version = "1.0.9"
source = { registry = "https://pypi.org/simple" }
dependencies = [
    { name = "certifi" },
    { name = "h11" },
]
sdist = { url = "https://files.pythonhosted.org/packages/06/94/82699a10bca87a5556c9c59b5963f2d039dbd239f25bc2a63907a05a14cb/httpcore-1.0.9.tar.gz", hash = "sha256:6e34463af53fd2ab5d807f399a9b45ea31c3dfa2276f15a2c3f00afff6e176e8", size = 85484, upload-time = "2025-04-24T22:06:22.219Z" }
wheels = [
    { url = "https://files.pythonhosted.org/packages/7e/f5/f66802a942d491edb555dd61e3a9961140fd64c90bce1eafd741609d334d/httpcore-1.0.9-py3-none-any.whl", hash = "sha256:2d400746a40668fc9dec9810239072b40b4484b640a8c38fd654a024c7a1bf55", size = 78784, upload-time = "2025-04-24T22:06:20.566Z" },
]

[[package]]
name = "httpx"
version = "0.28.1"
source = { registry = "https://pypi.org/simple" }
dependencies = [
    { name = "anyio" },
    { name = "certifi" },
    { name = "httpcore" },
    { name = "idna" },
]
sdist = { url = "https://files.pythonhosted.org/packages/b1/df/48c586a5fe32a0f01324ee087459e112ebb7224f646c0b5023f5e79e9956/httpx-0.28.1.tar.gz", hash = "sha256:75e98c5f16b0f35b567856f597f06ff2270a374470a5c2392242528e3e3e42fc", size = 141406, upload-time = "2024-12-06T15:37:23.222Z" }
wheels = [
    { url = "https://files.pythonhosted.org/packages/2a/39/e50c7c3a983047577ee07d2a9e53faf5a69493943ec3f6a384bdc792deb2/httpx-0.28.1-py3-none-any.whl", hash = "sha256:d909fcccc110f8c7faf814ca82a9a4d816bc5a6dbfea25d6591d6985b8ba59ad", size = 73517, upload-time = "2024-12-06T15:37:21.509Z" },
]

[[package]]
name = "idna"
version = "3.20"
source = { registry = "https://pypi.org/simple" }
sdist = { url = "https://files.pythonhosted.org/packages/f5/08/8eea9d4b8302028f3abb2c0813953f7aec26d33b7a8960ed760e65ff29fa/idna-3.20.tar.gz", hash = "sha256:a7db850025b95ded1eae8a46181a1a6c56c92c96f0e2b005d9ff8dc0210cab44", size = 216463, upload-time = "2026-09-17T14:11:04.752Z" }
wheels = [
    { url = "https://files.pythonhosted.org/packages/58/a2/bb081bab032533a855d44de1d56f8e8426114ff1ba5d1f07a438a0a654f8/idna-3.20-py3-none-any.whl", hash = "sha256:ab7ae7122974553370f0bdb919e1a960b2cd1bc1ef0276416d896db81c14582c", size = 69583, upload-time = "2026-09-17T14:11:03.168Z" },
]

[[package]]
name = "iniconfig"
version = "2.3.0"
source = { registry = "https://pypi.org/simple" }
sdist = { url = "https://files.pythonhosted.org/packages/72/34/14ca021ce8e5dfedc35312d08ba8bf51fdd999c576889fc2c24cb97f4f10/iniconfig-2.3.0.tar.gz", hash = "sha256:c76315c77db068650d49c5b56314774a7804df16fee4402c1f19d6d15d8c4730", size = 20503, upload-time = "2025-10-18T21:55:43.219Z" }
wheels = [
    { url = "https://files.pythonhosted.org/packages/cb/b1/3846dd7f199d53cb17f49cba7e651e9ce294d8497c8c150530ed11865bb8/iniconfig-2.3.0-py3-none-any.whl", hash = "sha256:f631c04d2c48c52b84d0d0549c99ff3859c98df65b3101406327ecc7d53fbf12", size = 7484, upload-time = "2025-10-18T21:55:41.639Z" },
]

[[package]]
name = "packaging"
version = "26.3"
source = { registry = "https://pypi.org/simple" }
sdist = { url = "https://files.pythonhosted.org/packages/7d/fa/3944b40b07da9ce895c0e6303a5ab7d53da063554f534556b134a54d6093/packaging-26.3.tar.gz", hash = "sha256:94edc256424af38762eb31306eed28beb9f0efc50a8837492c9d6fd6004aed79", size = 313412, upload-time = "2026-08-04T18:15:28.737Z" }
wheels = [
    { url = "https://files.pythonhosted.org/packages/63/34/ba1c580383c9eada3711951fef0795c80b829a078d72188184bcab9dd527/packaging-26.3-py3-none-any.whl", hash = "sha256:d7193f7c8e4e93f444fde0262bf90af30e16fa0ad0ad44cb553c87339b23cd1c", size = 129956, upload-time = "2026-08-04T18:15:27.159Z" },
]

[[package]]
name = "pluggy"
version = "1.6.0"
source = { registry = "https://pypi.org/simple" }
sdist = { url = "https://files.pythonhosted.org/packages/f9/e2/3e91f31a7d2b083fe6ef3fa267035b518369d9511ffab804f839851d2779/pluggy-1.6.0.tar.gz", hash = "sha256:7dcc130b76258d33b90f61b658791dede3486c3e6bfb003ee5c9bfb396dd22f3", size = 69412, upload-time = "2025-05-15T12:30:07.975Z" }
wheels = [
    { url = "https://files.pythonhosted.org/packages/54/20/4d324d65cc6d9205fabedc306948156824eb9f0ee1633355a8f7ec5c66bf/pluggy-1.6.0-py3-none-any.whl", hash = "sha256:e920276dd6813095e9377c0bc5566d94c932c33b27a3e3945d8389c374dd4746", size = 20538, upload-time = "2025-05-15T12:30:06.134Z" },
]

[[package]]
name = "polars"
version = "1.44.2"
source = { registry = "https://pypi.org/simple" }
dependencies = [
    { name = "polars-runtime-32" },
]
sdist = { url = "https://files.pythonhosted.org/packages/a4/15/e8541eefc22fbc7ca89bcb5112298a153729f73cfbc0cf6a668e509f975c/polars-1.44.2.tar.gz", hash = "sha256:86c8e26b6c2de8c8d344bb910b74dfc47b118ac3fe0f19b44909467990a0b281", size = 766272, upload-time = "2026-09-09T07:42:08.859Z" }
wheels = [
    { url = "https://files.pythonhosted.org/packages/51/6d/3014112c7f717d1253223faa13b6db3ac3a64ed00ab2a3bc1b942bc9cdd4/polars-1.44.2-py3-none-any.whl", hash = "sha256:1bb331f17a40d9d931101533dcd33637b66edc61eb377b07020dac16a0f0377b", size = 865768, upload-time = "2026-09-09T07:40:12.053Z" },
]

[[package]]
name = "polars-runtime-32"
version = "1.44.2"
source = { registry = "https://pypi.org/simple" }
sdist = { url = "https://files.pythonhosted.org/packages/d4/a1/a7eace6587b56f22cf2a21ab4d5e695db372dc23fd96accb68b1ec12660b/polars_runtime_32-1.44.2.tar.gz", hash = "sha256:b84842f7d621aaca7a52e165e19a24f89db45f8aa13744941430218419a14a67", size = 3172205, upload-time = "2026-09-09T07:42:10.851Z" }
wheels = [
    { url = "https://files.pythonhosted.org/packages/99/5b/a5215f82c3dd443dc5d6911b0d3e937f97056e0ef7753f7e123422481a18/polars_runtime_32-1.44.2-cp310-abi3-macosx_10_12_x86_64.whl", hash = "sha256:1fd536720668ba203a16a20b08cd6b23057e407a0279cf36b2f35f879d6e3208", size = 48334014, upload-time = "2026-09-09T07:40:16.43Z" },
    { url = "https://files.pythonhosted.org/packages/c2/e0/f3dc93fce4b4e99370db6a89001a1b8d3c606e3560d0d91dda809d6c6324/polars_runtime_32-1.44.2-cp310-abi3-macosx_11_0_arm64.whl", hash = "sha256:e0fd43720c8222ae39919c8ff891636d53b352706087120e62f83544dd3ff782", size = 43331099, upload-time = "2026-09-09T07:40:21.029Z" },
    { url = "https://files.pythonhosted.org/packages/4e/4f/076626ce93ddd622203c4b27be2a96d034cf5b24110c52e96e6029f0ea33/polars_runtime_32-1.44.2-cp310-abi3-manylinux_2_17_aarch64.manylinux2014_aarch64.whl", hash = "sha256:bbf9b45040291dc1c6c588c837019c33557bde25ec536562a9cca9e1f6dfcc45", size = 46590853, upload-time = "2026-09-09T07:40:24.934Z" },
    { url = "https://files.pythonhosted.org/packages/e9/24/ed9982657c446dd5491b089370eea196725673570cfc61f7225a9fdd7ef0/polars_runtime_32-1.44.2-cp310-abi3-manylinux_2_17_x86_64.manylinux2014_x86_64.whl", hash = "sha256:a1bafb441e99199a62c63bf1bbdc0ea09ee9776dbac2bf31452b5000fb1df2f7", size = 49912258, upload-time = "2026-09-09T07:40:29.238Z" },
    { url = "https://files.pythonhosted.org/packages/71/42/5490ab360aa2406119825ad82203a5e2ff27a3a5893ca8e0b93c053a59a3/polars_runtime_32-1.44.2-cp310-abi3-musllinux_1_2_aarch64.whl", hash = "sha256:10c0c695a418407617b5159db7d9a21074a733e4c6d61275b6762f25cb31ca99", size = 46737310, upload-time = "2026-09-09T07:40:33.143Z" },
    { url = "https://files.pythonhosted.org/packages/06/8f/d741afb1dcd1848161189e017d27972e7e78556d8dce66b94d4235093706/polars_runtime_32-1.44.2-cp310-abi3-musllinux_1_2_x86_64.whl", hash = "sha256:c4a09fb14aad711526346efc0cb2015c2fd0555ce4118b6524e5debbaea65ff5", size = 49887654, upload-time = "2026-09-09T07:40:37.455Z" },
    { url = "https://files.pythonhosted.org/packages/ba/e7/c61c1c7eea37705920fe7c1302d1dd80d1165db2b928f0da3eae6d1ebb75/polars_runtime_32-1.44.2-cp310-abi3-win_amd64.whl", hash = "sha256:8598e7a20efba70bb74978c7df7af7c606ff4d79b9b48fdd808250b189bc9a13", size = 51297967, upload-time = "2026-09-09T07:40:41.993Z" },
    { url = "https://files.pythonhosted.org/packages/e7/a0/d0dd0d2ec95fa328dd47055905fae53ba3cd79f11c8973326ebe75a49e4c/polars_runtime_32-1.44.2-cp310-abi3-win_arm64.whl", hash = "sha256:d51040d3ab40157f6db3c62be59cab5b80fb3c8d158924769c4982a1c8eef730", size = 44303345, upload-time = "2026-09-09T07:40:47.081Z" },
]

[[package]]
name = "pygments"
version = "2.21.0"
source = { registry = "https://pypi.org/simple" }
sdist = { url = "https://files.pythonhosted.org/packages/49/2e/ced460408999b33da6b31b0021b0f37d329e202d4169aeb164493778f25b/pygments-2.21.0.tar.gz", hash = "sha256:610ca751c9bc2492b38eb9a38a7fbc93edbbb2d7182edaf34e66ae493dee5c8c", size = 5005329, upload-time = "2026-08-17T08:02:48.824Z" }
wheels = [
    { url = "https://files.pythonhosted.org/packages/71/46/17f022dd3e953bf20a04a028a21ec746d942f8d2af30fa0f124fa0e6a684/pygments-2.21.0-py3-none-any.whl", hash = "sha256:2363c69b61c4a97c838da3b130dcd6468f4848992b21a82f2a63ec34377137d9", size = 1250147, upload-time = "2026-08-17T08:02:44.912Z" },
]

[[package]]
name = "pytest"
version = "9.1.1"
source = { registry = "https://pypi.org/simple" }
dependencies = [
    { name = "colorama", marker = "sys_platform == 'win32'" },
    { name = "iniconfig" },
    { name = "packaging" },
    { name = "pluggy" },
    { name = "pygments" },
]
sdist = { url = "https://files.pythonhosted.org/packages/e4/47/b9efed96c114afcfa3c9d3fe98a76a1d14c74a9e266d397cf6eb64be5e01/pytest-9.1.1.tar.gz", hash = "sha256:1088fbde8f2b49d95a549a195707afa7a76a3ce9bcadc26b6d71f0ffda5fe313", size = 1636369, upload-time = "2026-06-19T10:58:32.857Z" }
wheels = [
    { url = "https://files.pythonhosted.org/packages/24/25/1de2678b631f5a49215c6c96fff41ba892b0a34df68d6d80292b1b48aa7f/pytest-9.1.1-py3-none-any.whl", hash = "sha256:37a86b45efb9a47a61a36449063e8e18d0cab3161329fc099eb21783169c4f0c", size = 386536, upload-time = "2026-06-19T10:58:31.347Z" },
]

[[package]]
name = "selectolax"
version = "0.4.13"
source = { registry = "https://pypi.org/simple" }
sdist = { url = "https://files.pythonhosted.org/packages/49/3a/3c56859df452fddb6d94d30ff8b6b19088a09b542a01f211cd147ccca39a/selectolax-0.4.13.tar.gz", hash = "sha256:261116b1b13efbec5cc0252baeca3a85098e96ef5c088bf3ef8cfbe15d3a8ea3", size = 4942298, upload-time = "2026-09-29T08:44:33.306Z" }
wheels = [
    { url = "https://files.pythonhosted.org/packages/5e/da/92968cc9ad6d17838ef5e07854d8af3ebb6f0ab1957aa0b15bb558ae67f1/selectolax-0.4.13-cp311-cp311-macosx_10_9_x86_64.whl", hash = "sha256:3d7a17a78a1c9a08b2684d15d1cb65d5f68291ac2502d5879c8a7329649f7a52", size = 2294454, upload-time = "2026-09-29T08:43:06.321Z" },
    { url = "https://files.pythonhosted.org/packages/f8/0f/927437184bd0b77b70497b1feaf758a7c590706cfb7bc1077afd5800635f/selectolax-0.4.13-cp311-cp311-macosx_11_0_arm64.whl", hash = "sha256:87e12b340e75d912468dd391db468a1f3f1bd5255900bff7ec184ba0520299ab", size = 2350904, upload-time = "2026-09-29T08:43:07.902Z" },
    { url = "https://files.pythonhosted.org/packages/63/66/6d2ea88380d422abac6857a40edca05884f4caa8ee1dabff458f0902b702/selectolax-0.4.13-cp311-cp311-manylinux2014_aarch64.manylinux_2_17_aarch64.manylinux_2_28_aarch64.whl", hash = "sha256:eb1445541d86097e4a623400dd0f9d94a060ec0f6de541a046d73edac957267b", size = 2427522, upload-time = "2026-09-29T08:43:09.774Z" },
    { url = "https://files.pythonhosted.org/packages/aa/9e/4b33be922fa27bdc7a12c79854e63e01cd1a3344fcb1099e156c050cb9d5/selectolax-0.4.13-cp311-cp311-manylinux2014_x86_64.manylinux_2_17_x86_64.manylinux_2_28_x86_64.whl", hash = "sha256:0784f0b67d18062b2c8aeacac0634548f60c1bff03f066103a2fe80e23366580", size = 2477345, upload-time = "2026-09-29T08:43:11.417Z" },
    { url = "https://files.pythonhosted.org/packages/4e/ec/cc7f1c8f1dfcb53193c6447c831848ad024c2bbf7654865c74cbd905754f/selectolax-0.4.13-cp311-cp311-musllinux_1_2_aarch64.whl", hash = "sha256:78ab651f42cc5e1afc75da984a8e2d5cbcc2f87eb532e227a46d2a6ebb92a9fa", size = 2433018, upload-time = "2026-09-29T08:43:13.887Z" },
    { url = "https://files.pythonhosted.org/packages/5d/5e/dfbdb32f457e5202098be5e201460f2a2072f82903d9be72db2b0b753322/selectolax-0.4.13-cp311-cp311-musllinux_1_2_x86_64.whl", hash = "sha256:b2928024eeb3761022061b3cecc010e9f82ad3e990636111b21c8ef5324e9233", size = 2489045, upload-time = "2026-09-29T08:43:15.394Z" },
    { url = "https://files.pythonhosted.org/packages/c3/25/4332d7ef181065f093ab859324b69a799b0462f4a88f465f61c37b42df9f/selectolax-0.4.13-cp311-cp311-win32.whl", hash = "sha256:cd5bd36e4ee96115c7ee45b6f9447daee6052f86bb47b1ede0186d9fbac5e493", size = 1829554, upload-time = "2026-09-29T08:43:17.007Z" },
    { url = "https://files.pythonhosted.org/packages/7e/2d/4d9495280c6309442cd2559d0707d42688a3bcfd045be96ef127af31f7ac/selectolax-0.4.13-cp311-cp311-win_amd64.whl", hash = "sha256:11f64918f0b6b13669802a4d43a412aba3fc28841a9d921a2a049d4b982bb061", size = 1954133, upload-time = "2026-09-29T08:43:18.483Z" },
    { url = "https://files.pythonhosted.org/packages/51/3f/ed9dbff249a90b7565337950d7b108b80ff688b9d563b0f24b63aa9a6946/selectolax-0.4.13-cp311-cp311-win_arm64.whl", hash = "sha256:6eae5b4d52fdcbb8d6a1d55c3b0f528c41a53a596298bc2e45e9e0eaae00550b", size = 1920926, upload-time = "2026-09-29T08:43:20.221Z" },
    { url = "https://files.pythonhosted.org/packages/ff/49/745111cc5b3ff0464938be52652648b882539b251fe8b2b82670e5c95886/selectolax-0.4.13-cp312-cp312-macosx_10_13_x86_64.whl", hash = "sha256:ececb4dbf0290588875c32e8070f83d4a635e1fdc43fa7a09eda7d84476b3f6b", size = 2323812, upload-time = "2026-09-29T08:43:21.61Z" },
    { url = "https://files.pythonhosted.org/packages/da/d8/b90333ed82e1aa0d3327ae27f9ff5775739c980b3db8bb3e53b55f8ffa23/selectolax-0.4.13-cp312-cp312-macosx_11_0_arm64.whl", hash = "sha256:e97f17df197e0c1ad6e612679f3c6e02e72abeafc51665898de0a5d78383eca1", size = 2370767, upload-time = "2026-09-29T08:43:23.137Z" },
    { url = "https://files.pythonhosted.org/packages/a3/34/f982fe31cbef0e67a48a2e08d6ed4589ec879ba0dfa34a70ad5fb53c4c3a/selectolax-0.4.13-cp312-cp312-manylinux2014_aarch64.manylinux_2_17_aarch64.manylinux_2_28_aarch64.whl", hash = "sha256:7daaff7ff26a295542edbe70464f10c198dc3703e04125a00bd2b845eb6db3d7", size = 2453933, upload-time = "2026-09-29T08:43:24.769Z" },
    { url = "https://files.pythonhosted.org/packages/90/74/e26b6e4e80b2e1f1d29b38bdffa1f217544616e3196ceb20412332cad06b/selectolax-0.4.13-cp312-cp312-manylinux2014_x86_64.manylinux_2_17_x86_64.manylinux_2_28_x86_64.whl", hash = "sha256:e6ff191548e3664e8f2777f973012cc5d30c81c9170378c2e4d2aa1edf850f22", size = 2501379, upload-time = "2026-09-29T08:43:26.486Z" },
    { url = "https://files.pythonhosted.org/packages/94/a2/1c094c64b89743f7397eb2a4da82ee3109a25f9956bace24a56aa91305ab/selectolax-0.4.13-cp312-cp312-musllinux_1_2_aarch64.whl", hash = "sha256:f485b880696108d694d2a75077dcb387dbe1c5fa49ea660c96c43d4de7a5c481", size = 2462412, upload-time = "2026-09-29T08:43:28.177Z" },
    { url = "https://files.pythonhosted.org/packages/9a/45/1bdde4c5186e30ddb35d65ba72f711e915b8a8ccc0d2bb1879979efb9d8d/selectolax-0.4.13-cp312-cp312-musllinux_1_2_x86_64.whl", hash = "sha256:bbec6d46fc00d6239287fd408e5be51aa123d0a03e5a37a35d2294883869cbeb", size = 2524123, upload-time = "2026-09-29T08:43:29.611Z" },
    { url = "https://files.pythonhosted.org/packages/29/1b/116c7a4001ed0459861c62b5a31e0b64c7947c4e2dfd85c282261964e297/selectolax-0.4.13-cp312-cp312-win32.whl", hash = "sha256:053c1a62ca2f34339ae69b5ab9b4906c4ff9f911737f9b7afa16ce7f450ecb46", size = 1826313, upload-time = "2026-09-29T08:43:31.117Z" },
    { url = "https://files.pythonhosted.org/packages/e2/69/0daf7669a691d9699b468be0c4afaae9f57223db5f3060681d37e9e3c45c/selectolax-0.4.13-cp312-cp312-win_amd64.whl", hash = "sha256:287ed581ae6689bf7c6adb5826668c6ed04a085004ee1bdcc028c8904a789a14", size = 1946605, upload-time = "2026-09-29T08:43:32.763Z" },
    { url = "https://files.pythonhosted.org/packages/f0/14/b993a5e0c38c41fad93a380ee347f4fd476e13434285c8eafe48e634fb74/selectolax-0.4.13-cp312-cp312-win_arm64.whl", hash = "sha256:eb285a103cc139f3be4c86f8e55239601f6e6c4689ceec0c7aacfa3c53128519", size = 1912516, upload-time = "2026-09-29T08:43:34.722Z" },
    { url = "https://files.pythonhosted.org/packages/c4/8d/eb0f07a00f577a236a3ce1b6b7bf256c837af40a6c4e77a0055b3f791e98/selectolax-0.4.13-cp313-cp313-macosx_10_13_x86_64.whl", hash = "sha256:cb96fbbd5bead47b47ec457931a54842a4b08c6b9a8628bb25cee710d6ec2ee4", size = 2322982, upload-time = "2026-09-29T08:43:36.187Z" },
    { url = "https://files.pythonhosted.org/packages/65/bf/cb44efa7dd362880c87564e3b3f0d3b1af6b5e0008ac3c0162726d4add2c/selectolax-0.4.13-cp313-cp313-macosx_11_0_arm64.whl", hash = "sha256:e59954cc37a1632250970a69706d264b2823b2954a61a810c4384944b5206ee4", size = 2369141, upload-time = "2026-09-29T08:43:37.798Z" },
    { url = "https://files.pythonhosted.org/packages/f2/38/424135107570653bb50d073b251797e823a3366f5355d9aefccf3a880528/selectolax-0.4.13-cp313-cp313-manylinux2014_aarch64.manylinux_2_17_aarch64.manylinux_2_28_aarch64.whl", hash = "sha256:48521b0e9ba62e0f55ee5683305b668f713b26852e48d3dbdcdb06a574a9d091", size = 2453281, upload-time = "2026-09-29T08:43:39.329Z" },
    { url = "https://files.pythonhosted.org/packages/3e/e7/0e24ec34a9a1738f85d06df76f51c77275a03292711da03088b8eefd713e/selectolax-0.4.13-cp313-cp313-manylinux2014_x86_64.manylinux_2_17_x86_64.manylinux_2_28_x86_64.whl", hash = "sha256:0924afc9f95a1699c32cfc1e3ba247b8e7160f85c0a1eb04a68d289af242efb1", size = 2500881, upload-time = "2026-09-29T08:43:41.088Z" },
    { url = "https://files.pythonhosted.org/packages/37/32/740734bf7492f03a3413995610c043760f0c587b69a55d36b379b3c6f938/selectolax-0.4.13-cp313-cp313-musllinux_1_2_aarch64.whl", hash = "sha256:51910fadf85954c3fd86bd86c4a3dceaf0d58475a22cfad53ea1088d3ba2afee", size = 2461867, upload-time = "2026-09-29T08:43:42.574Z" },
    { url = "https://files.pythonhosted.org/packages/2c/b2/15946d525da25a950cd6fbc6f3fde8bd3c442947cddd08d5cc0a1c6b6927/selectolax-0.4.13-cp313-cp313-musllinux_1_2_x86_64.whl", hash = "sha256:86033f8959b23b1d47a9f13011b5ef79f3bdfef454647898a103b1c5cabe59f0", size = 2523803, upload-time = "2026-09-29T08:43:44.326Z" },
    { url = "https://files.pythonhosted.org/packages/d2/71/506892a45936bd6c24fe1e2f579eb080fab2c7851bd7297317511e373e90/selectolax-0.4.13-cp313-cp313-win32.whl", hash = "sha256:8eb6a13c56aa7f432672ed61b0e40d3b4f036f756d46f1d2b0da0f88fad775bc", size = 1826119, upload-time = "2026-09-29T08:43:45.868Z" },
    { url = "https://files.pythonhosted.org/packages/52/08/bf6ecaba33997fd392c045e67fce18de02f6e0a63279a51e0473cc28c19f/selectolax-0.4.13-cp313-cp313-win_amd64.whl", hash = "sha256:df85653c025b355b6895222f0716abaa3bc05343c8009061cb01a939214d3aa0", size = 1945972, upload-time = "2026-09-29T08:43:47.826Z" },
    { url = "https://files.pythonhosted.org/packages/58/eb/7edd65978c70eb8d582a38ba3ef21f7b880f7e84618cd33506fe8e172886/selectolax-0.4.13-cp313-cp313-win_arm64.whl", hash = "sha256:7f357baf51fd795b2459cfa2eba4c612e2a8d1393f48cac212fc2eeabde442c2", size = 1911886, upload-time = "2026-09-29T08:43:49.301Z" },
    { url = "https://files.pythonhosted.org/packages/04/84/08f2854017225299ad241a7fb4411adfb9d6948c2a093860902b164ca064/selectolax-0.4.13-cp314-cp314-macosx_10_13_x86_64.whl", hash = "sha256:9d3933d01055822cafa174c869ba58bd54bd5ddcbaaca919d2c791c12b10fc0e", size = 2339074, upload-time = "2026-09-29T08:43:50.833Z" },
    { url = "https://files.pythonhosted.org/packages/83/3b/98e192e76ef958527aaeb20cdd923ac99ec91fe84e577389bcfc35e8d63a/selectolax-0.4.13-cp314-cp314-macosx_11_0_arm64.whl", hash = "sha256:b810c979aa06b98f04773c39cb93def57dfbb7bdcae642e741dd68082d07d4e1", size = 2386106, upload-time = "2026-09-29T08:43:52.22Z" },
    { url = "https://files.pythonhosted.org/packages/4d/16/40e61fd7940be879e3df342d55a36a5a3f8c40932ea6a0d0e4a32d962bbf/selectolax-0.4.13-cp314-cp314-manylinux2014_aarch64.manylinux_2_17_aarch64.manylinux_2_28_aarch64.whl", hash = "sha256:04675e7f1e98b04e42d92593f7522f13f590783f824f275aa9e63b6463291756", size = 2452253, upload-time = "2026-09-29T08:43:53.664Z" },
    { url = "https://files.pythonhosted.org/packages/22/3d/6bed2320f5ba49bcac5d918203b07e6be2f074168f791ebf842ce3c32053/selectolax-0.4.13-cp314-cp314-manylinux2014_x86_64.manylinux_2_17_x86_64.manylinux_2_28_x86_64.whl", hash = "sha256:67f86f7e9ddbc025a061e7f80a812deb90f4259400d49ac05eca81430a39d4a0", size = 2498832, upload-time = "2026-09-29T08:43:55.394Z" },
    { url = "https://files.pythonhosted.org/packages/48/ef/e30080c5eddb1a31c5ab48db743a1191115ab7209436459664f081e419d8/selectolax-0.4.13-cp314-cp314-musllinux_1_2_aarch64.whl", hash = "sha256:b5c8763ee56adfda768bf574c15d7a2778b8ff167f602b5092e4bdd7cf2c34f5", size = 2477642, upload-time = "2026-09-29T08:43:57.213Z" },
    { url = "https://files.pythonhosted.org/packages/63/1d/8e42bfde37bef96ea368c4ba5333a24b659ab5cc25614a1c578b0670db2b/selectolax-0.4.13-cp314-cp314-musllinux_1_2_x86_64.whl", hash = "sha256:e98171330ea092d84c59fdaa67e2e41e46644eba06076c2dcce050d34a1d2f75", size = 2540847, upload-time = "2026-09-29T08:43:58.886Z" },
    { url = "https://files.pythonhosted.org/packages/00/58/26c1c64807d416b35e66a0c23c5253c36ad6420b294f9c74c91c0977e396/selectolax-0.4.13-cp314-cp314-win32.whl", hash = "sha256:babcfc1e13087c619d541c4ab350b04e3c84b95d5b33164f26b8efe0e8a458d4", size = 1937083, upload-time = "2026-09-29T08:44:00.765Z" },
    { url = "https://files.pythonhosted.org/packages/7c/30/8c814ae00dbb121443e820ac385c1fd74320e501703d7c1780180f458503/selectolax-0.4.13-cp314-cp314-win_amd64.whl", hash = "sha256:da10791bd3362ce9cfae525d01953b75676e239ae1d7ee08b1f843455a5721cd", size = 2058246, upload-time = "2026-09-29T08:44:02.483Z" },
    { url = "https://files.pythonhosted.org/packages/7f/21/18388afd305f09e4d3473268053b188d8517adf02649b71093fba44897b8/selectolax-0.4.13-cp314-cp314-win_arm64.whl", hash = "sha256:1e7e36d58e069820a02a7130576fd028f2de71a9f52e1f2ce8fd13f443a1c063", size = 2023160, upload-time = "2026-09-29T08:44:04.117Z" },
    { url = "https://files.pythonhosted.org/packages/33/51/a2920e416d4ca11c2b2d39d107fb328a4ba7d129fba0ad9e7f65b4b6d4ca/selectolax-0.4.13-cp314-cp314t-macosx_10_13_x86_64.whl", hash = "sha256:4785e8601afb79b1ebffbef27ac18eacf2d2c68efaec83a0384c115a329d2b35", size = 2355134, upload-time = "2026-09-29T08:44:05.7Z" },
    { url = "https://files.pythonhosted.org/packages/b8/77/50cea9d2f32786efe350e98418af6b40c07cfa19f18e5c967eb0bc22b5a7/selectolax-0.4.13-cp314-cp314t-macosx_11_0_arm64.whl", hash = "sha256:0d8f3635eaae0948fc34aec3f4a62902ca4cd4c3983d32b0f50b56a0b36f572d", size = 2402497, upload-time = "2026-09-29T08:44:07.289Z" },
    { url = "https://files.pythonhosted.org/packages/67/50/a9825734a9a0e3ae941ba86f6ae82916e5df6494f06366ab59e452fc2c25/selectolax-0.4.13-cp314-cp314t-manylinux2014_aarch64.manylinux_2_17_aarch64.manylinux_2_28_aarch64.whl", hash = "sha256:ea24b2e81f0bcb914d22d58d3b169e043de158c60de89b9780d538e74920ba52", size = 2461350, upload-time = "2026-09-29T08:44:08.784Z" },
    { url = "https://files.pythonhosted.org/packages/87/ee/087019c49442c6b04aab4dc1330f70416ced5d72933a8a3a0cd35e81f049/selectolax-0.4.13-cp314-cp314t-manylinux2014_x86_64.manylinux_2_17_x86_64.manylinux_2_28_x86_64.whl", hash = "sha256:b44ce0eb9c041589402adbe85c9920db1b3a46d31b40e78bd30deb125448b50c", size = 2515221, upload-time = "2026-09-29T08:44:10.35Z" },
    { url = "https://files.pythonhosted.org/packages/40/4d/daba016c2fcade03d79002d0f08018ed3b80955af7597bd45f4e1a189194/selectolax-0.4.13-cp314-cp314t-musllinux_1_2_aarch64.whl", hash = "sha256:3ea50f9c49ddd6717b6fef7df330a7df52c801a0e70120512058b6d7c7a60955", size = 2489366, upload-time = "2026-09-29T08:44:11.92Z" },
    { url = "https://files.pythonhosted.org/packages/08/2a/6ee59fa5d1307a304368790e24c7cbfe71749a997b687a83b9183770d081/selectolax-0.4.13-cp314-cp314t-musllinux_1_2_x86_64.whl", hash = "sha256:2e4f7fb582c9692964020d28f2c8e60327cfdc6d589c7a7dd49e36cfb493e2d4", size = 2549058, upload-time = "2026-09-29T08:44:13.449Z" },
    { url = "https://files.pythonhosted.org/packages/5f/c5/8c40308e63c431c6e2212c8504c576ba5217dca925fb1cf0d8a8f686e5de/selectolax-0.4.13-cp314-cp314t-win32.whl", hash = "sha256:baa2e172aeeba1974657ffc928a62c44a661a24e25540e75243049d293032ea0", size = 1963949, upload-time = "2026-09-29T08:44:14.944Z" },
    { url = "https://files.pythonhosted.org/packages/19/0f/eca2132845678338694dd0b596e80cc1437808dd264d6c8c9369aae485b8/selectolax-0.4.13-cp314-cp314t-win_amd64.whl", hash = "sha256:d5f42f266e34fac9688628c9be4d89459ed2a2d3b216a40014f961f8d9da8b30", size = 2085316, upload-time = "2026-09-29T08:44:16.406Z" },
    { url = "https://files.pythonhosted.org/packages/27/71/ed46a0d71215d95364f5b13bb04f97f7432033214b2e8f2978f2c5a1dab6/selectolax-0.4.13-cp314-cp314t-win_arm64.whl", hash = "sha256:f453a5da8babc78d3ade3ee1cebf64fd271a2dac3ab6f09d0f273375754b762d", size = 2052702, upload-time = "2026-09-29T08:44:17.879Z" },
]

[[package]]
name = "typing-extensions"
version = "4.16.0"
source = { registry = "https://pypi.org/simple" }
sdist = { url = "https://files.pythonhosted.org/packages/f6/cc/6253133b5bb138fc3306cebfbda2c520f545d36b5be2c7255cc528bb45d6/typing_extensions-4.16.0.tar.gz", hash = "sha256:dc983d19a509c94dba722ee6abd33940f7c05a89e243c47e907eb4db6f1a43e5", size = 113555, upload-time = "2026-07-02T08:40:05.92Z" }
wheels = [
    { url = "https://files.pythonhosted.org/packages/49/d3/b8441a820a491ddfc024b0b0cf0393375b75ea13866d9c66727e54c2fc80/typing_extensions-4.16.0-py3-none-any.whl", hash = "sha256:481caa481374e813c1b176ada14e97f1f67a4539ce9cfeb3f350d78d6370c2e8", size = 45571, upload-time = "2026-07-02T08:40:04.659Z" },
]
